
Microsoft Visual Studio Solution File, Format Version 12.00
# Visual Studio for Mac
Project("{FAE04EC0-301F-11D3-BF4B-00C04F79EFBC}") = "Assembly-CSharp", "Assembly-CSharp.csproj", "{1E0F63C9-DEE2-3A59-CAD6-50F698E50A44}"
EndProject
Project("{FAE04EC0-301F-11D3-BF4B-00C04F79EFBC}") = "Oculus.VR", "Oculus.VR.csproj", "{8AE60EEA-355E-34CC-5D70-7B2148EEEB14}"
EndProject
Project("{FAE04EC0-301F-11D3-BF4B-00C04F79EFBC}") = "Assembly-CSharp-Editor", "Assembly-CSharp-Editor.csproj", "{E4C1B62F-D53B-7C8E-B249-4B904C89280B}"
EndProject
Project("{FAE04EC0-301F-11D3-BF4B-00C04F79EFBC}") = "Oculus.VR.Scripts.Editor", "Oculus.VR.Scripts.Editor.csproj", "{1F785F4C-F925-D77E-E164-B971D4FD5F9B}"
EndProject
Project("{FAE04EC0-301F-11D3-BF4B-00C04F79EFBC}") = "Oculus.VR.Editor", "Oculus.VR.Editor.csproj", "{A41DCD7D-01EF-8A5C-EC32-ED7C6F015FD2}"
EndProject
Global
	GlobalSection(SolutionConfigurationPlatforms) = preSolution
		Debug|Any CPU = Debug|Any CPU
		Release|Any CPU = Release|Any CPU
	EndGlobalSection
	GlobalSection(ProjectConfigurationPlatforms) = postSolution
		{1E0F63C9-DEE2-3A59-CAD6-50F698E50A44}.Debug|Any CPU.ActiveCfg = Debug|Any CPU
		{1E0F63C9-DEE2-3A59-CAD6-50F698E50A44}.Debug|Any CPU.Build.0 = Debug|Any CPU
		{1E0F63C9-DEE2-3A59-CAD6-50F698E50A44}.Release|Any CPU.ActiveCfg = Release|Any CPU
		{1E0F63C9-DEE2-3A59-CAD6-50F698E50A44}.Release|Any CPU.Build.0 = Release|Any CPU
		{8AE60EEA-355E-34CC-5D70-7B2148EEEB14}.Debug|Any CPU.ActiveCfg = Debug|Any CPU
		{8AE60EEA-355E-34CC-5D70-7B2148EEEB14}.Debug|Any CPU.Build.0 = Debug|Any CPU
		{8AE60EEA-355E-34CC-5D70-7B2148EEEB14}.Release|Any CPU.ActiveCfg = Release|Any CPU
		{8AE60EEA-355E-34CC-5D70-7B2148EEEB14}.Release|Any CPU.Build.0 = Release|Any CPU
		{E4C1B62F-D53B-7C8E-B249-4B904C89280B}.Debug|Any CPU.ActiveCfg = Debug|Any CPU
		{E4C1B62F-D53B-7C8E-B249-4B904C89280B}.Debug|Any CPU.Build.0 = Debug|Any CPU
		{E4C1B62F-D53B-7C8E-B249-4B904C89280B}.Release|Any CPU.ActiveCfg = Release|Any CPU
		{E4C1B62F-D53B-7C8E-B249-4B904C89280B}.Release|Any CPU.Build.0 = Release|Any CPU
		{1F785F4C-F925-D77E-E164-B971D4FD5F9B}.Debug|Any CPU.ActiveCfg = Debug|Any CPU
		{1F785F4C-F925-D77E-E164-B971D4FD5F9B}.Debug|Any CPU.Build.0 = Debug|Any CPU
		{1F785F4C-F925-D77E-E164-B971D4FD5F9B}.Release|Any CPU.ActiveCfg = Release|Any CPU
		{1F785F4C-F925-D77E-E164-B971D4FD5F9B}.Release|Any CPU.Build.0 = Release|Any CPU
		{A41DCD7D-01EF-8A5C-EC32-ED7C6F015FD2}.Debug|Any CPU.ActiveCfg = Debug|Any CPU
		{A41DCD7D-01EF-8A5C-EC32-ED7C6F015FD2}.Debug|Any CPU.Build.0 = Debug|Any CPU
		{A41DCD7D-01EF-8A5C-EC32-ED7C6F015FD2}.Release|Any CPU.ActiveCfg = Release|Any CPU
		{A41DCD7D-01EF-8A5C-EC32-ED7C6F015FD2}.Release|Any CPU.Build.0 = Release|Any CPU
	EndGlobalSection
	GlobalSection(SolutionProperties) = preSolution
		HideSolutionNode = FALSE
	EndGlobalSection
EndGlobal
